lockfileVersion: 5.3

specifiers:
  remark-breaks: ^2.0.2
  unist-util-visit: ^2

dependencies:
  remark-breaks: 2.0.2
  unist-util-visit: 2.0.3

packages:

  /@types/unist/2.0.3:
    resolution: {integrity: sha512-FvUupuM3rlRsRtCN+fDudtmytGO6iHJuuRKS1Ss0pG5z8oX0diNEw94UEL7hgDbpN94rgaK5R7sWm6RrSkZuAQ==}
    dev: false

  /remark-breaks/2.0.2:
    resolution: {integrity: sha512-LsQnPPQ7Fzp9RTjj4IwdEmjPOr9bxe9zYKWhs9ZQOg9hMg8rOfeeqQ410cvVdIK87Famqza1CKRxNkepp2EvUA==}
    dependencies:
      unist-util-visit: 2.0.3
    dev: false

  /unist-util-is/4.1.0:
    resolution: {integrity: sha512-ZOQSsnce92GrxSqlnEEseX0gi7GH9zTJZ0p9dtu87WRb/37mMPO2Ilx1s/t9vBHrFhbgweUwb+t7cIn5dxPhZg==}
    dev: false

  /unist-util-visit-parents/3.1.1:
    resolution: {integrity: sha512-1KROIZWo6bcMrZEwiH2UrXDyalAa0uqzWCxCJj6lPOvTve2WkfgCytoDTPaMnodXh1WrXOq0haVYHj99ynJlsg==}
    dependencies:
      '@types/unist': 2.0.3
      unist-util-is: 4.1.0
    dev: false

  /unist-util-visit/2.0.3:
    resolution: {integrity: sha512-iJ4/RczbJMkD0712mGktuGpm/U4By4FfDonL7N/9tATGIF4imikjOuagyMY53tnZq3NP6BcmlrHhEKAfGWjh7Q==}
    dependencies:
      '@types/unist': 2.0.3
      unist-util-is: 4.1.0
      unist-util-visit-parents: 3.1.1
    dev: false
